
Microsoft Visual Studio Solution File, Format Version 12.00
# Visual Studio 2013
VisualStudioVersion = 12.0.31101.0
MinimumVisualStudioVersion = 10.0.40219.1
Project("{FAE04EC0-301F-11D3-BF4B-00C04F79EFBC}") = "GameGeometry2D", "GameGeometry2D\GameGeometry2D.csproj", "{852E542D-CF0A-4E5A-B345-F9789581530F}"
EndProject
Project("{FAE04EC0-301F-11D3-BF4B-00C04F79EFBC}") = "GameGeometry2DTests", "GameGeometry2DTests\GameGeometry2DTests.csproj", "{1FF50291-8BED-4A04-896F-2E2BEB5B2946}"
EndProject
Project("{2150E333-8FDC-42A3-9474-1A3956D46DE8}") = "Solution Items", "Solution Items", "{70DE6227-F693-4623-A057-628C7144E87A}"
	ProjectSection(SolutionItems) = preProject
		LICENSE.md = LICENSE.md
		README.md = README.md
	EndProjectSection
EndProject
Global
	GlobalSection(SolutionConfigurationPlatforms) = preSolution
		Debug|Any CPU = Debug|Any CPU
		Release|Any CPU = Release|Any CPU
	EndGlobalSection
	GlobalSection(ProjectConfigurationPlatforms) = postSolution
		{852E542D-CF0A-4E5A-B345-F9789581530F}.Debug|Any CPU.ActiveCfg = Debug|Any CPU
		{852E542D-CF0A-4E5A-B345-F9789581530F}.Debug|Any CPU.Build.0 = Debug|Any CPU
		{852E542D-CF0A-4E5A-B345-F9789581530F}.Release|Any CPU.ActiveCfg = Release|Any CPU
		{852E542D-CF0A-4E5A-B345-F9789581530F}.Release|Any CPU.Build.0 = Release|Any CPU
		{1FF50291-8BED-4A04-896F-2E2BEB5B2946}.Debug|Any CPU.ActiveCfg = Debug|Any CPU
		{1FF50291-8BED-4A04-896F-2E2BEB5B2946}.Debug|Any CPU.Build.0 = Debug|Any CPU
		{1FF50291-8BED-4A04-896F-2E2BEB5B2946}.Release|Any CPU.ActiveCfg = Release|Any CPU
		{1FF50291-8BED-4A04-896F-2E2BEB5B2946}.Release|Any CPU.Build.0 = Release|Any CPU
	EndGlobalSection
	GlobalSection(SolutionProperties) = preSolution
		HideSolutionNode = FALSE
	EndGlobalSection
EndGlobal
